PODS:
  - AFNetworking (3.1.0):
    - AFNetworking/NSURLSession (= 3.1.0)
    - AFNetworking/Reachability (= 3.1.0)
    - AFNetworking/Security (= 3.1.0)
    - AFNetworking/Serialization (= 3.1.0)
    - AFNetworking/UIKit (= 3.1.0)
  - AFNetworking/NSURLSession (3.1.0):
    - AFNetworking/Reachability
    - AFNetworking/Security
    - AFNetworking/Serialization
  - AFNetworking/Reachability (3.1.0)
  - AFNetworking/Security (3.1.0)
  - AFNetworking/Serialization (3.1.0)
  - AFNetworking/UIKit (3.1.0):
    - AFNetworking/NSURLSession
  - FDFullscreenPopGesture (1.1)
  - FDStackView (1.0)
  - FMDB (2.6.2):
    - FMDB/standard (= 2.6.2)
  - FMDB/standard (2.6.2)
  - Mantle (2.0.7):
    - Mantle/extobjc (= 2.0.7)
  - Mantle/extobjc (2.0.7)
  - Masonry (1.0.1)
  - MBProgressHUD (0.9.2)
  - pop (1.0.9)
  - SSKeychain (1.4.0)
  - UITableView+FDTemplateLayoutCell (1.4)
  - UIView+FDCollapsibleConstraints (1.1)
  - XXNibBridge (2.3.0)
  - YYKit (1.0.7):
    - YYKit/no-arc (= 1.0.7)
  - YYKit/no-arc (1.0.7)

DEPENDENCIES:
  - AFNetworking
  - FDFullscreenPopGesture
  - FDStackView
  - FMDB
  - Mantle
  - Masonry
  - MBProgressHUD
  - pop
  - SSKeychain
  - UITableView+FDTemplateLayoutCell
  - UIView+FDCollapsibleConstraints
  - XXNibBridge
  - YYKit

SPEC CHECKSUMS:
  AFNetworking: 5e0e199f73d8626b11e79750991f5d173d1f8b67
  FDFullscreenPopGesture: a8a620179e3d9c40e8e00256dcee1c1a27c6d0f0
  FDStackView: 3a4bbe0ce9c35e974246a585168b9da8c32213f1
  FMDB: 854a0341b4726e53276f2a8996f06f1b80f9259a
  Mantle: bc40bb061d8c2c6fb48d5083e04d928c3b7f73d9
  Masonry: a1a931a0d08870ed8ae415a2ea5ea68ebcac77df
  MBProgressHUD: 1569cf7ace17a8bac47aabfbb8580a49690386d1
  pop: f667631a5108a2e60d9e8797c9b32ddaf2080bce
  SSKeychain: c71293fa57216a40ab06c23f4085387583293de4
  UITableView+FDTemplateLayoutCell: 234e1582bcc4e18461af91155123bb96538ed030
  UIView+FDCollapsibleConstraints: 9357eaf03b4e088263ab74a3b86a382a64ce38dd
  XXNibBridge: 3c115f1534288db45fe6b5aa7e70734640b567eb
  YYKit: 843d1b26e20b82c695790c9a89907eaa1e99907f

PODFILE CHECKSUM: 14f6224dcfe3dbcadebef5de12bf8f56e5e0b4c3

COCOAPODS: 1.0.1
