// !$*UTF8*$!
{
	archiveVersion = 1;
	classes = {
	};
	objectVersion = 46;
	objects = {

/* Begin PBXBuildFile section */
		AA26FBD2D9A67C63D5689BF4 /* Pods.framework in Frameworks */ = {isa = PBXBuildFile; fileRef = 82B4D7B5D2D15E852CF8F51C /* Pods.framework */; };
		E617B6621BEB416900501A69 /* GRoundProgressBarTestViewController.m in Sources */ = {isa = PBXBuildFile; fileRef = E617B6611BEB416900501A69 /* GRoundProgressBarTestViewController.m */; };
		E683B9D419B6E9EE00BADEAD /* Foundation.framework in Frameworks */ = {isa = PBXBuildFile; fileRef = E683B9D319B6E9EE00BADEAD /* Foundation.framework */; };
		E683B9D619B6E9EE00BADEAD /* CoreGraphics.framework in Frameworks */ = {isa = PBXBuildFile; fileRef = E683B9D519B6E9EE00BADEAD /* CoreGraphics.framework */; };
		E683B9D819B6E9EE00BADEAD /* UIKit.framework in Frameworks */ = {isa = PBXBuildFile; fileRef = E683B9D719B6E9EE00BADEAD /* UIKit.framework */; };
		E683B9DE19B6E9EE00BADEAD /* InfoPlist.strings in Resources */ = {isa = PBXBuildFile; fileRef = E683B9DC19B6E9EE00BADEAD /* InfoPlist.strings */; };
		E683B9E019B6E9EE00BADEAD /* main.m in Sources */ = {isa = PBXBuildFile; fileRef = E683B9DF19B6E9EE00BADEAD /* main.m */; };
		E683B9E419B6E9EE00BADEAD /* GAppDelegate.m in Sources */ = {isa = PBXBuildFile; fileRef = E683B9E319B6E9EE00BADEAD /* GAppDelegate.m */; };
		E683B9EF19B6E9EE00BADEAD /* Images.xcassets in Resources */ = {isa = PBXBuildFile; fileRef = E683B9EE19B6E9EE00BADEAD /* Images.xcassets */; };
		E683B9F619B6E9EE00BADEAD /* XCTest.framework in Frameworks */ = {isa = PBXBuildFile; fileRef = E683B9F519B6E9EE00BADEAD /* XCTest.framework */; };
		E683B9F719B6E9EE00BADEAD /* Foundation.framework in Frameworks */ = {isa = PBXBuildFile; fileRef = E683B9D319B6E9EE00BADEAD /* Foundation.framework */; };
		E683B9F819B6E9EE00BADEAD /* UIKit.framework in Frameworks */ = {isa = PBXBuildFile; fileRef = E683B9D719B6E9EE00BADEAD /* UIKit.framework */; };
		E683BA0019B6E9EE00BADEAD /* InfoPlist.strings in Resources */ = {isa = PBXBuildFile; fileRef = E683B9FE19B6E9EE00BADEAD /* InfoPlist.strings */; };
		E683BA0219B6E9EE00BADEAD /* GFoundationTests.m in Sources */ = {isa = PBXBuildFile; fileRef = E683BA0119B6E9EE00BADEAD /* GFoundationTests.m */; };
		E6A291531C9C3DE30021D3B3 /* GUIFramework+Storyboard.m in Sources */ = {isa = PBXBuildFile; fileRef = E6A291511C9C3DE30021D3B3 /* GUIFramework+Storyboard.m */; };
		E6A6CB121C9BF3940051F422 /* NSArrayExtensions.m in Sources */ = {isa = PBXBuildFile; fileRef = E6A6CAFF1C9BF3940051F422 /* NSArrayExtensions.m */; };
		E6A6CB131C9BF3940051F422 /* NSDataExtensions.m in Sources */ = {isa = PBXBuildFile; fileRef = E6A6CB011C9BF3940051F422 /* NSDataExtensions.m */; };
		E6A6CB141C9BF3940051F422 /* NSDictionaryExtensions.m in Sources */ = {isa = PBXBuildFile; fileRef = E6A6CB031C9BF3940051F422 /* NSDictionaryExtensions.m */; };
		E6A6CB151C9BF3940051F422 /* NSString+DES.m in Sources */ = {isa = PBXBuildFile; fileRef = E6A6CB051C9BF3940051F422 /* NSString+DES.m */; };
		E6A6CB161C9BF3940051F422 /* NSString+MD5.m in Sources */ = {isa = PBXBuildFile; fileRef = E6A6CB071C9BF3940051F422 /* NSString+MD5.m */; };
		E6A6CB171C9BF3940051F422 /* NSStringExtensions.m in Sources */ = {isa = PBXBuildFile; fileRef = E6A6CB091C9BF3940051F422 /* NSStringExtensions.m */; };
		E6A6CB181C9BF3940051F422 /* UIView+CGRectExtension.m in Sources */ = {isa = PBXBuildFile; fileRef = E6A6CB0B1C9BF3940051F422 /* UIView+CGRectExtension.m */; };
		E6A6CB191C9BF3940051F422 /* GTMBase64.m in Sources */ = {isa = PBXBuildFile; fileRef = E6A6CB0F1C9BF3940051F422 /* GTMBase64.m */; };
		E6B6F3791CA267DB004CB658 /* GSegueTest2.m in Sources */ = {isa = PBXBuildFile; fileRef = E6B6F3781CA267DB004CB658 /* GSegueTest2.m */; };
		E6B6F37C1CA267E6004CB658 /* GSegueTest1.m in Sources */ = {isa = PBXBuildFile; fileRef = E6B6F37B1CA267E6004CB658 /* GSegueTest1.m */; };
		E6B6F37F1CA267ED004CB658 /* GSegueTest3.m in Sources */ = {isa = PBXBuildFile; fileRef = E6B6F37E1CA267ED004CB658 /* GSegueTest3.m */; };
		E6B6F3821CA267F4004CB658 /* GSegueTest4.m in Sources */ = {isa = PBXBuildFile; fileRef = E6B6F3811CA267F3004CB658 /* GSegueTest4.m */; };
		E6C478B01CA42C10008238DE /* libGUIQuickStoryboardFramework.a in Frameworks */ = {isa = PBXBuildFile; fileRef = E6C478AF1CA42C10008238DE /* libGUIQuickStoryboardFramework.a */; };
		E6C478B21CA42C1D008238DE /* libGUIFramework.a in Frameworks */ = {isa = PBXBuildFile; fileRef = E6C478B11CA42C1D008238DE /* libGUIFramework.a */; };
		E6C5CD9E1BE33AA9001F67FA /* main.storyboard in Resources */ = {isa = PBXBuildFile; fileRef = E6C5CD9D1BE33AA9001F67FA /* main.storyboard */; };
		E6C5CDA91BE33D3D001F67FA /* Launcher.xib in Resources */ = {isa = PBXBuildFile; fileRef = E6C5CDA81BE33D3D001F67FA /* Launcher.xib */; };
		E6C5CDAF1BE340B9001F67FA /* GMainTableViewController.m in Sources */ = {isa = PBXBuildFile; fileRef = E6C5CDAE1BE340B9001F67FA /* GMainTableViewController.m */; };
/* End PBXBuildFile section */

/* Begin PBXContainerItemProxy section */
		E683B9F919B6E9EE00BADEAD /* PBXContainerItemProxy */ = {
			isa = PBXContainerItemProxy;
			containerPortal = E683B9C819B6E9EE00BADEAD /* Project object */;
			proxyType = 1;
			remoteGlobalIDString = E683B9CF19B6E9EE00BADEAD;
			remoteInfo = GFoundation;
		};
/* End PBXContainerItemProxy section */

/* Begin PBXCopyFilesBuildPhase section */
		E64CCDE01C9006650092C699 /* Embed Frameworks */ = {
			isa = PBXCopyFilesBuildPhase;
			buildActionMask = 2147483647;
			dstPath = "";
			dstSubfolderSpec = 10;
			files = (
			);
			name = "Embed Frameworks";
			runOnlyForDeploymentPostprocessing = 0;
		};
/* End PBXCopyFilesBuildPhase section */

/* Begin PBXFileReference section */
		20F6C604924FDEB8F18F0205 /* Pods.debug.xcconfig */ = {isa = PBXFileReference; includeInIndex = 1; lastKnownFileType = text.xcconfig; name = Pods.debug.xcconfig; path = "Pods/Target Support Files/Pods/Pods.debug.xcconfig"; sourceTree = "<group>"; };
		82B4D7B5D2D15E852CF8F51C /* Pods.framework */ = {isa = PBXFileReference; explicitFileType = wrapper.framework; includeInIndex = 0; path = Pods.framework; sourceTree = BUILT_PRODUCTS_DIR; };
		92F3CE8F6C3D2703BB800758 /* Pods.release.xcconfig */ = {isa = PBXFileReference; includeInIndex = 1; lastKnownFileType = text.xcconfig; name = Pods.release.xcconfig; path = "Pods/Target Support Files/Pods/Pods.release.xcconfig"; sourceTree = "<group>"; };
		E617B6601BEB416900501A69 /* GRoundProgressBarTestViewController.h */ = {isa = PBXFileReference; fileEncoding = 4; lastKnownFileType = sourcecode.c.h; path = GRoundProgressBarTestViewController.h; sourceTree = "<group>"; };
		E617B6611BEB416900501A69 /* GRoundProgressBarTestViewController.m */ = {isa = PBXFileReference; fileEncoding = 4; lastKnownFileType = sourcecode.c.objc; path = GRoundProgressBarTestViewController.m; sourceTree = "<group>"; };
		E631EF491CA134C500A4568F /* DismissSegue.h */ = {isa = PBXFileReference; fileEncoding = 4; lastKnownFileType = sourcecode.c.h; path = DismissSegue.h; sourceTree = "<group>"; };
		E631EF4A1CA134C500A4568F /* PopSegue.h */ = {isa = PBXFileReference; fileEncoding = 4; lastKnownFileType = sourcecode.c.h; path = PopSegue.h; sourceTree = "<group>"; };
		E631EF4B1CA134C500A4568F /* PopToThisVCSegue.h */ = {isa = PBXFileReference; fileEncoding = 4; lastKnownFileType = sourcecode.c.h; path = PopToThisVCSegue.h; sourceTree = "<group>"; };
		E683B9D019B6E9EE00BADEAD /* GFoundation.app */ = {isa = PBXFileReference; explicitFileType = wrapper.application; includeInIndex = 0; path = GFoundation.app; sourceTree = BUILT_PRODUCTS_DIR; };
		E683B9D319B6E9EE00BADEAD /* Foundation.framework */ = {isa = PBXFileReference; lastKnownFileType = wrapper.framework; name = Foundation.framework; path = System/Library/Frameworks/Foundation.framework; sourceTree = SDKROOT; };
		E683B9D519B6E9EE00BADEAD /* CoreGraphics.framework */ = {isa = PBXFileReference; lastKnownFileType = wrapper.framework; name = CoreGraphics.framework; path = System/Library/Frameworks/CoreGraphics.framework; sourceTree = SDKROOT; };
		E683B9D719B6E9EE00BADEAD /* UIKit.framework */ = {isa = PBXFileReference; lastKnownFileType = wrapper.framework; name = UIKit.framework; path = System/Library/Frameworks/UIKit.framework; sourceTree = SDKROOT; };
		E683B9DB19B6E9EE00BADEAD /* GFoundation-Info.plist */ = {isa = PBXFileReference; lastKnownFileType = text.plist.xml; path = "GFoundation-Info.plist"; sourceTree = "<group>"; };
		E683B9DD19B6E9EE00BADEAD /* en */ = {isa = PBXFileReference; lastKnownFileType = text.plist.strings; name = en; path = en.lproj/InfoPlist.strings; sourceTree = "<group>"; };
		E683B9DF19B6E9EE00BADEAD /* main.m */ = {isa = PBXFileReference; lastKnownFileType = sourcecode.c.objc; path = main.m; sourceTree = "<group>"; };
		E683B9E119B6E9EE00BADEAD /* GFoundation-Prefix.pch */ = {isa = PBXFileReference; lastKnownFileType = sourcecode.c.h; path = "GFoundation-Prefix.pch"; sourceTree = "<group>"; };
		E683B9E219B6E9EE00BADEAD /* GAppDelegate.h */ = {isa = PBXFileReference; lastKnownFileType = sourcecode.c.h; path = GAppDelegate.h; sourceTree = "<group>"; };
		E683B9E319B6E9EE00BADEAD /* GAppDelegate.m */ = {isa = PBXFileReference; lastKnownFileType = sourcecode.c.objc; path = GAppDelegate.m; sourceTree = "<group>"; };
		E683B9EE19B6E9EE00BADEAD /* Images.xcassets */ = {isa = PBXFileReference; lastKnownFileType = folder.assetcatalog; path = Images.xcassets; sourceTree = "<group>"; };
		E683B9F419B6E9EE00BADEAD /* GFoundationTests.xctest */ = {isa = PBXFileReference; explicitFileType = wrapper.cfbundle; includeInIndex = 0; path = GFoundationTests.xctest; sourceTree = BUILT_PRODUCTS_DIR; };
		E683B9F519B6E9EE00BADEAD /* XCTest.framework */ = {isa = PBXFileReference; lastKnownFileType = wrapper.framework; name = XCTest.framework; path = Library/Frameworks/XCTest.framework; sourceTree = DEVELOPER_DIR; };
		E683B9FD19B6E9EE00BADEAD /* GFoundationTests-Info.plist */ = {isa = PBXFileReference; lastKnownFileType = text.plist.xml; path = "GFoundationTests-Info.plist"; sourceTree = "<group>"; };
		E683B9FF19B6E9EE00BADEAD /* en */ = {isa = PBXFileReference; lastKnownFileType = text.plist.strings; name = en; path = en.lproj/InfoPlist.strings; sourceTree = "<group>"; };
		E683BA0119B6E9EE00BADEAD /* GFoundationTests.m */ = {isa = PBXFileReference; lastKnownFileType = sourcecode.c.objc; path = GFoundationTests.m; sourceTree = "<group>"; };
		E6A2914B1C9C3DE30021D3B3 /* GRoundBoxView.h */ = {isa = PBXFileReference; fileEncoding = 4; lastKnownFileType = sourcecode.c.h; path = GRoundBoxView.h; sourceTree = "<group>"; };
		E6A2914C1C9C3DE30021D3B3 /* GRoundProgressBar.h */ = {isa = PBXFileReference; fileEncoding = 4; lastKnownFileType = sourcecode.c.h; path = GRoundProgressBar.h; sourceTree = "<group>"; };
		E6A2914D1C9C3DE30021D3B3 /* GRoundRectangleBoxView.h */ = {isa = PBXFileReference; fileEncoding = 4; lastKnownFileType = sourcecode.c.h; path = GRoundRectangleBoxView.h; sourceTree = "<group>"; };
		E6A2914E1C9C3DE30021D3B3 /* GRoundRectangleView.h */ = {isa = PBXFileReference; fileEncoding = 4; lastKnownFileType = sourcecode.c.h; path = GRoundRectangleView.h; sourceTree = "<group>"; };
		E6A2914F1C9C3DE30021D3B3 /* GRoundView.h */ = {isa = PBXFileReference; fileEncoding = 4; lastKnownFileType = sourcecode.c.h; path = GRoundView.h; sourceTree = "<group>"; };
		E6A291501C9C3DE30021D3B3 /* GUIFramework+Storyboard.h */ = {isa = PBXFileReference; fileEncoding = 4; lastKnownFileType = sourcecode.c.h; path = "GUIFramework+Storyboard.h"; sourceTree = "<group>"; };
		E6A291511C9C3DE30021D3B3 /* GUIFramework+Storyboard.m */ = {isa = PBXFileReference; fileEncoding = 4; lastKnownFileType = sourcecode.c.objc; path = "GUIFramework+Storyboard.m"; sourceTree = "<group>"; };
		E6A291521C9C3DE30021D3B3 /* GUIFramework.h */ = {isa = PBXFileReference; fileEncoding = 4; lastKnownFileType = sourcecode.c.h; path = GUIFramework.h; sourceTree = "<group>"; };
		E6A6CAFE1C9BF3940051F422 /* NSArrayExtensions.h */ = {isa = PBXFileReference; fileEncoding = 4; lastKnownFileType = sourcecode.c.h; path = NSArrayExtensions.h; sourceTree = "<group>"; };
		E6A6CAFF1C9BF3940051F422 /* NSArrayExtensions.m */ = {isa = PBXFileReference; fileEncoding = 4; lastKnownFileType = sourcecode.c.objc; path = NSArrayExtensions.m; sourceTree = "<group>"; };
		E6A6CB001C9BF3940051F422 /* NSDataExtensions.h */ = {isa = PBXFileReference; fileEncoding = 4; lastKnownFileType = sourcecode.c.h; path = NSDataExtensions.h; sourceTree = "<group>"; };
		E6A6CB011C9BF3940051F422 /* NSDataExtensions.m */ = {isa = PBXFileReference; fileEncoding = 4; lastKnownFileType = sourcecode.c.objc; path = NSDataExtensions.m; sourceTree = "<group>"; };
		E6A6CB021C9BF3940051F422 /* NSDictionaryExtensions.h */ = {isa = PBXFileReference; fileEncoding = 4; lastKnownFileType = sourcecode.c.h; path = NSDictionaryExtensions.h; sourceTree = "<group>"; };
		E6A6CB031C9BF3940051F422 /* NSDictionaryExtensions.m */ = {isa = PBXFileReference; fileEncoding = 4; lastKnownFileType = sourcecode.c.objc; path = NSDictionaryExtensions.m; sourceTree = "<group>"; };
		E6A6CB041C9BF3940051F422 /* NSString+DES.h */ = {isa = PBXFileReference; fileEncoding = 4; lastKnownFileType = sourcecode.c.h; path = "NSString+DES.h"; sourceTree = "<group>"; };
		E6A6CB051C9BF3940051F422 /* NSString+DES.m */ = {isa = PBXFileReference; fileEncoding = 4; lastKnownFileType = sourcecode.c.objc; path = "NSString+DES.m"; sourceTree = "<group>"; };
		E6A6CB061C9BF3940051F422 /* NSString+MD5.h */ = {isa = PBXFileReference; fileEncoding = 4; lastKnownFileType = sourcecode.c.h; path = "NSString+MD5.h"; sourceTree = "<group>"; };
		E6A6CB071C9BF3940051F422 /* NSString+MD5.m */ = {isa = PBXFileReference; fileEncoding = 4; lastKnownFileType = sourcecode.c.objc; path = "NSString+MD5.m"; sourceTree = "<group>"; };
		E6A6CB081C9BF3940051F422 /* NSStringExtensions.h */ = {isa = PBXFileReference; fileEncoding = 4; lastKnownFileType = sourcecode.c.h; path = NSStringExtensions.h; sourceTree = "<group>"; };
		E6A6CB091C9BF3940051F422 /* NSStringExtensions.m */ = {isa = PBXFileReference; fileEncoding = 4; lastKnownFileType = sourcecode.c.objc; path = NSStringExtensions.m; sourceTree = "<group>"; };
		E6A6CB0A1C9BF3940051F422 /* UIView+CGRectExtension.h */ = {isa = PBXFileReference; fileEncoding = 4; lastKnownFileType = sourcecode.c.h; path = "UIView+CGRectExtension.h"; sourceTree = "<group>"; };
		E6A6CB0B1C9BF3940051F422 /* UIView+CGRectExtension.m */ = {isa = PBXFileReference; fileEncoding = 4; lastKnownFileType = sourcecode.c.objc; path = "UIView+CGRectExtension.m"; sourceTree = "<group>"; };
		E6A6CB0C1C9BF3940051F422 /* GFoundation.h */ = {isa = PBXFileReference; fileEncoding = 4; lastKnownFileType = sourcecode.c.h; path = GFoundation.h; sourceTree = "<group>"; };
		E6A6CB0E1C9BF3940051F422 /* GTMBase64.h */ = {isa = PBXFileReference; fileEncoding = 4; lastKnownFileType = sourcecode.c.h; path = GTMBase64.h; sourceTree = "<group>"; };
		E6A6CB0F1C9BF3940051F422 /* GTMBase64.m */ = {isa = PBXFileReference; fileEncoding = 4; lastKnownFileType = sourcecode.c.objc; path = GTMBase64.m; sourceTree = "<group>"; };
		E6A6CB101C9BF3940051F422 /* GTMDefines.h */ = {isa = PBXFileReference; fileEncoding = 4; lastKnownFileType = sourcecode.c.h; path = GTMDefines.h; sourceTree = "<group>"; };
		E6B6F3771CA267DB004CB658 /* GSegueTest2.h */ = {isa = PBXFileReference; fileEncoding = 4; lastKnownFileType = sourcecode.c.h; path = GSegueTest2.h; sourceTree = "<group>"; };
		E6B6F3781CA267DB004CB658 /* GSegueTest2.m */ = {isa = PBXFileReference; fileEncoding = 4; lastKnownFileType = sourcecode.c.objc; path = GSegueTest2.m; sourceTree = "<group>"; };
		E6B6F37A1CA267E6004CB658 /* GSegueTest1.h */ = {isa = PBXFileReference; fileEncoding = 4; lastKnownFileType = sourcecode.c.h; path = GSegueTest1.h; sourceTree = "<group>"; };
		E6B6F37B1CA267E6004CB658 /* GSegueTest1.m */ = {isa = PBXFileReference; fileEncoding = 4; lastKnownFileType = sourcecode.c.objc; path = GSegueTest1.m; sourceTree = "<group>"; };
		E6B6F37D1CA267ED004CB658 /* GSegueTest3.h */ = {isa = PBXFileReference; fileEncoding = 4; lastKnownFileType = sourcecode.c.h; path = GSegueTest3.h; sourceTree = "<group>"; };
		E6B6F37E1CA267ED004CB658 /* GSegueTest3.m */ = {isa = PBXFileReference; fileEncoding = 4; lastKnownFileType = sourcecode.c.objc; path = GSegueTest3.m; sourceTree = "<group>"; };
		E6B6F3801CA267F3004CB658 /* GSegueTest4.h */ = {isa = PBXFileReference; fileEncoding = 4; lastKnownFileType = sourcecode.c.h; path = GSegueTest4.h; sourceTree = "<group>"; };
		E6B6F3811CA267F3004CB658 /* GSegueTest4.m */ = {isa = PBXFileReference; fileEncoding = 4; lastKnownFileType = sourcecode.c.objc; path = GSegueTest4.m; sourceTree = "<group>"; };
		E6C478AF1CA42C10008238DE /* libGUIQuickStoryboardFramework.a */ = {isa = PBXFileReference; lastKnownFileType = archive.ar; name = libGUIQuickStoryboardFramework.a; path = GFoundation/QuickStoryboard/libGUIQuickStoryboardFramework.a; sourceTree = "<group>"; };
		E6C478B11CA42C1D008238DE /* libGUIFramework.a */ = {isa = PBXFileReference; lastKnownFileType = archive.ar; name = libGUIFramework.a; path = GFoundation/GUI/libGUIFramework.a; sourceTree = "<group>"; };
		E6C5CD9D1BE33AA9001F67FA /* main.storyboard */ = {isa = PBXFileReference; fileEncoding = 4; lastKnownFileType = file.storyboard; path = main.storyboard; sourceTree = "<group>"; };
		E6C5CDA81BE33D3D001F67FA /* Launcher.xib */ = {isa = PBXFileReference; fileEncoding = 4; lastKnownFileType = file.xib; path = Launcher.xib; sourceTree = "<group>"; };
		E6C5CDAD1BE340B9001F67FA /* GMainTableViewController.h */ = {isa = PBXFileReference; fileEncoding = 4; lastKnownFileType = sourcecode.c.h; path = GMainTableViewController.h; sourceTree = "<group>"; };
		E6C5CDAE1BE340B9001F67FA /* GMainTableViewController.m */ = {isa = PBXFileReference; fileEncoding = 4; lastKnownFileType = sourcecode.c.objc; path = GMainTableViewController.m; sourceTree = "<group>"; };
		E6D7F7CB1C9D542D007AEBE1 /* GUIQuickStoryboardFramework.h */ = {isa = PBXFileReference; fileEncoding = 4; lastKnownFileType = sourcecode.c.h; path = GUIQuickStoryboardFramework.h; sourceTree = "<group>"; };
		E6D7F7CD1C9D542D007AEBE1 /* UIViewController+QuickStoryboard.h */ = {isa = PBXFileReference; fileEncoding = 4; lastKnownFileType = sourcecode.c.h; path = "UIViewController+QuickStoryboard.h"; sourceTree = "<group>"; };
/* End PBXFileReference section */

/* Begin PBXFrameworksBuildPhase section */
		E683B9CD19B6E9EE00BADEAD /* Frameworks */ = {
			isa = PBXFrameworksBuildPhase;
			buildActionMask = 2147483647;
			files = (
				E6C478B21CA42C1D008238DE /* libGUIFramework.a in Frameworks */,
				E6C478B01CA42C10008238DE /* libGUIQuickStoryboardFramework.a in Frameworks */,
				E683B9D619B6E9EE00BADEAD /* CoreGraphics.framework in Frameworks */,
				E683B9D819B6E9EE00BADEAD /* UIKit.framework in Frameworks */,
				E683B9D419B6E9EE00BADEAD /* Foundation.framework in Frameworks */,
				AA26FBD2D9A67C63D5689BF4 /* Pods.framework in Frameworks */,
			);
			runOnlyForDeploymentPostprocessing = 0;
		};
		E683B9F119B6E9EE00BADEAD /* Frameworks */ = {
			isa = PBXFrameworksBuildPhase;
			buildActionMask = 2147483647;
			files = (
				E683B9F619B6E9EE00BADEAD /* XCTest.framework in Frameworks */,
				E683B9F819B6E9EE00BADEAD /* UIKit.framework in Frameworks */,
				E683B9F719B6E9EE00BADEAD /* Foundation.framework in Frameworks */,
			);
			runOnlyForDeploymentPostprocessing = 0;
		};
/* End PBXFrameworksBuildPhase section */

/* Begin PBXGroup section */
		BA39790E26FE87A12BD1E9E6 /* Pods */ = {
			isa = PBXGroup;
			children = (
				20F6C604924FDEB8F18F0205 /* Pods.debug.xcconfig */,
				92F3CE8F6C3D2703BB800758 /* Pods.release.xcconfig */,
			);
			name = Pods;
			sourceTree = "<group>";
		};
		E683B9C719B6E9EE00BADEAD = {
			isa = PBXGroup;
			children = (
				E683B9D919B6E9EE00BADEAD /* GFoundation */,
				E683B9FB19B6E9EE00BADEAD /* GFoundationTests */,
				E683B9D219B6E9EE00BADEAD /* Frameworks */,
				E683B9D119B6E9EE00BADEAD /* Products */,
				BA39790E26FE87A12BD1E9E6 /* Pods */,
			);
			sourceTree = "<group>";
		};
		E683B9D119B6E9EE00BADEAD /* Products */ = {
			isa = PBXGroup;
			children = (
				E683B9D019B6E9EE00BADEAD /* GFoundation.app */,
				E683B9F419B6E9EE00BADEAD /* GFoundationTests.xctest */,
			);
			name = Products;
			sourceTree = "<group>";
		};
		E683B9D219B6E9EE00BADEAD /* Frameworks */ = {
			isa = PBXGroup;
			children = (
				E6C478B11CA42C1D008238DE /* libGUIFramework.a */,
				E6C478AF1CA42C10008238DE /* libGUIQuickStoryboardFramework.a */,
				E683B9D319B6E9EE00BADEAD /* Foundation.framework */,
				E683B9D519B6E9EE00BADEAD /* CoreGraphics.framework */,
				E683B9D719B6E9EE00BADEAD /* UIKit.framework */,
				E683B9F519B6E9EE00BADEAD /* XCTest.framework */,
				82B4D7B5D2D15E852CF8F51C /* Pods.framework */,
			);
			name = Frameworks;
			sourceTree = "<group>";
		};
		E683B9D919B6E9EE00BADEAD /* GFoundation */ = {
			isa = PBXGroup;
			children = (
				E6D7F7C81C9D542D007AEBE1 /* QuickStoryboard */,
				E6A6CAF81C9BF3940051F422 /* GUI */,
				E6A6CAFC1C9BF3940051F422 /* Core */,
				E683B9E219B6E9EE00BADEAD /* GAppDelegate.h */,
				E683B9E319B6E9EE00BADEAD /* GAppDelegate.m */,
				E6C5CD9D1BE33AA9001F67FA /* main.storyboard */,
				E6C5CDAD1BE340B9001F67FA /* GMainTableViewController.h */,
				E6C5CDAE1BE340B9001F67FA /* GMainTableViewController.m */,
				E617B6601BEB416900501A69 /* GRoundProgressBarTestViewController.h */,
				E617B6611BEB416900501A69 /* GRoundProgressBarTestViewController.m */,
				E6B6F37A1CA267E6004CB658 /* GSegueTest1.h */,
				E6B6F37B1CA267E6004CB658 /* GSegueTest1.m */,
				E6B6F37D1CA267ED004CB658 /* GSegueTest3.h */,
				E6B6F37E1CA267ED004CB658 /* GSegueTest3.m */,
				E6B6F3801CA267F3004CB658 /* GSegueTest4.h */,
				E6B6F3811CA267F3004CB658 /* GSegueTest4.m */,
				E6B6F3771CA267DB004CB658 /* GSegueTest2.h */,
				E6B6F3781CA267DB004CB658 /* GSegueTest2.m */,
				E683B9EE19B6E9EE00BADEAD /* Images.xcassets */,
				E683B9DA19B6E9EE00BADEAD /* Supporting Files */,
				E6C5CDA81BE33D3D001F67FA /* Launcher.xib */,
			);
			path = GFoundation;
			sourceTree = "<group>";
		};
		E683B9DA19B6E9EE00BADEAD /* Supporting Files */ = {
			isa = PBXGroup;
			children = (
				E683B9DB19B6E9EE00BADEAD /* GFoundation-Info.plist */,
				E683B9DC19B6E9EE00BADEAD /* InfoPlist.strings */,
				E683B9DF19B6E9EE00BADEAD /* main.m */,
				E683B9E119B6E9EE00BADEAD /* GFoundation-Prefix.pch */,
			);
			name = "Supporting Files";
			sourceTree = "<group>";
		};
		E683B9FB19B6E9EE00BADEAD /* GFoundationTests */ = {
			isa = PBXGroup;
			children = (
				E683BA0119B6E9EE00BADEAD /* GFoundationTests.m */,
				E683B9FC19B6E9EE00BADEAD /* Supporting Files */,
			);
			path = GFoundationTests;
			sourceTree = "<group>";
		};
		E683B9FC19B6E9EE00BADEAD /* Supporting Files */ = {
			isa = PBXGroup;
			children = (
				E683B9FD19B6E9EE00BADEAD /* GFoundationTests-Info.plist */,
				E683B9FE19B6E9EE00BADEAD /* InfoPlist.strings */,
			);
			name = "Supporting Files";
			sourceTree = "<group>";
		};
		E6A291491C9C3DE30021D3B3 /* include */ = {
			isa = PBXGroup;
			children = (
				E6A2914A1C9C3DE30021D3B3 /* GUIFramework */,
			);
			path = include;
			sourceTree = "<group>";
		};
		E6A2914A1C9C3DE30021D3B3 /* GUIFramework */ = {
			isa = PBXGroup;
			children = (
				E6A2914B1C9C3DE30021D3B3 /* GRoundBoxView.h */,
				E6A2914C1C9C3DE30021D3B3 /* GRoundProgressBar.h */,
				E6A2914D1C9C3DE30021D3B3 /* GRoundRectangleBoxView.h */,
				E6A2914E1C9C3DE30021D3B3 /* GRoundRectangleView.h */,
				E6A2914F1C9C3DE30021D3B3 /* GRoundView.h */,
				E6A291501C9C3DE30021D3B3 /* GUIFramework+Storyboard.h */,
				E6A291511C9C3DE30021D3B3 /* GUIFramework+Storyboard.m */,
				E6A291521C9C3DE30021D3B3 /* GUIFramework.h */,
			);
			path = GUIFramework;
			sourceTree = "<group>";
		};
		E6A6CAF81C9BF3940051F422 /* GUI */ = {
			isa = PBXGroup;
			children = (
				E6A291491C9C3DE30021D3B3 /* include */,
			);
			path = GUI;
			sourceTree = "<group>";
		};
		E6A6CAFC1C9BF3940051F422 /* Core */ = {
			isa = PBXGroup;
			children = (
				E6A6CAFD1C9BF3940051F422 /* Extensions */,
				E6A6CB0C1C9BF3940051F422 /* GFoundation.h */,
				E6A6CB0D1C9BF3940051F422 /* GTMBase64 */,
			);
			path = Core;
			sourceTree = "<group>";
		};
		E6A6CAFD1C9BF3940051F422 /* Extensions */ = {
			isa = PBXGroup;
			children = (
				E6A6CAFE1C9BF3940051F422 /* NSArrayExtensions.h */,
				E6A6CAFF1C9BF3940051F422 /* NSArrayExtensions.m */,
				E6A6CB001C9BF3940051F422 /* NSDataExtensions.h */,
				E6A6CB011C9BF3940051F422 /* NSDataExtensions.m */,
				E6A6CB021C9BF3940051F422 /* NSDictionaryExtensions.h */,
				E6A6CB031C9BF3940051F422 /* NSDictionaryExtensions.m */,
				E6A6CB041C9BF3940051F422 /* NSString+DES.h */,
				E6A6CB051C9BF3940051F422 /* NSString+DES.m */,
				E6A6CB061C9BF3940051F422 /* NSString+MD5.h */,
				E6A6CB071C9BF3940051F422 /* NSString+MD5.m */,
				E6A6CB081C9BF3940051F422 /* NSStringExtensions.h */,
				E6A6CB091C9BF3940051F422 /* NSStringExtensions.m */,
				E6A6CB0A1C9BF3940051F422 /* UIView+CGRectExtension.h */,
				E6A6CB0B1C9BF3940051F422 /* UIView+CGRectExtension.m */,
			);
			path = Extensions;
			sourceTree = "<group>";
		};
		E6A6CB0D1C9BF3940051F422 /* GTMBase64 */ = {
			isa = PBXGroup;
			children = (
				E6A6CB0E1C9BF3940051F422 /* GTMBase64.h */,
				E6A6CB0F1C9BF3940051F422 /* GTMBase64.m */,
				E6A6CB101C9BF3940051F422 /* GTMDefines.h */,
			);
			path = GTMBase64;
			sourceTree = "<group>";
		};
		E6D7F7C81C9D542D007AEBE1 /* QuickStoryboard */ = {
			isa = PBXGroup;
			children = (
				E6D7F7C91C9D542D007AEBE1 /* include */,
			);
			path = QuickStoryboard;
			sourceTree = "<group>";
		};
		E6D7F7C91C9D542D007AEBE1 /* include */ = {
			isa = PBXGroup;
			children = (
				E6D7F7CA1C9D542D007AEBE1 /* GUIQuickStoryboardFramework */,
			);
			path = include;
			sourceTree = "<group>";
		};
		E6D7F7CA1C9D542D007AEBE1 /* GUIQuickStoryboardFramework */ = {
			isa = PBXGroup;
			children = (
				E631EF491CA134C500A4568F /* DismissSegue.h */,
				E631EF4A1CA134C500A4568F /* PopSegue.h */,
				E631EF4B1CA134C500A4568F /* PopToThisVCSegue.h */,
				E6D7F7CB1C9D542D007AEBE1 /* GUIQuickStoryboardFramework.h */,
				E6D7F7CD1C9D542D007AEBE1 /* UIViewController+QuickStoryboard.h */,
			);
			path = GUIQuickStoryboardFramework;
			sourceTree = "<group>";
		};
/* End PBXGroup section */

/* Begin PBXNativeTarget section */
		E683B9CF19B6E9EE00BADEAD /* GFoundation */ = {
			isa = PBXNativeTarget;
			buildConfigurationList = E683BA0519B6E9EE00BADEAD /* Build configuration list for PBXNativeTarget "GFoundation" */;
			buildPhases = (
				898FAD5D7C2845B2BC0E9EE2 /* Check Pods Manifest.lock */,
				E683B9CC19B6E9EE00BADEAD /* Sources */,
				E683B9CD19B6E9EE00BADEAD /* Frameworks */,
				E683B9CE19B6E9EE00BADEAD /* Resources */,
				3CD55FD1406A473B8AD051BF /* Copy Pods Resources */,
				7E07ABCB0C7B7339F734E4F8 /* Embed Pods Frameworks */,
				E64CCDE01C9006650092C699 /* Embed Frameworks */,
			);
			buildRules = (
			);
			dependencies = (
			);
			name = GFoundation;
			productName = GFoundation;
			productReference = E683B9D019B6E9EE00BADEAD /* GFoundation.app */;
			productType = "com.apple.product-type.application";
		};
		E683B9F319B6E9EE00BADEAD /* GFoundationTests */ = {
			isa = PBXNativeTarget;
			buildConfigurationList = E683BA0819B6E9EE00BADEAD /* Build configuration list for PBXNativeTarget "GFoundationTests" */;
			buildPhases = (
				E683B9F019B6E9EE00BADEAD /* Sources */,
				E683B9F119B6E9EE00BADEAD /* Frameworks */,
				E683B9F219B6E9EE00BADEAD /* Resources */,
			);
			buildRules = (
			);
			dependencies = (
				E683B9FA19B6E9EE00BADEAD /* PBXTargetDependency */,
			);
			name = GFoundationTests;
			productName = GFoundationTests;
			productReference = E683B9F419B6E9EE00BADEAD /* GFoundationTests.xctest */;
			productType = "com.apple.product-type.bundle.unit-test";
		};
/* End PBXNativeTarget section */

/* Begin PBXProject section */
		E683B9C819B6E9EE00BADEAD /* Project object */ = {
			isa = PBXProject;
			attributes = {
				CLASSPREFIX = G;
				LastUpgradeCheck = 0710;
				ORGANIZATIONNAME = Ghost;
				TargetAttributes = {
					E683B9F319B6E9EE00BADEAD = {
						TestTargetID = E683B9CF19B6E9EE00BADEAD;
					};
				};
			};
			buildConfigurationList = E683B9CB19B6E9EE00BADEAD /* Build configuration list for PBXProject "GFoundation" */;
			compatibilityVersion = "Xcode 3.2";
			developmentRegion = English;
			hasScannedForEncodings = 0;
			knownRegions = (
				en,
				Base,
			);
			mainGroup = E683B9C719B6E9EE00BADEAD;
			productRefGroup = E683B9D119B6E9EE00BADEAD /* Products */;
			projectDirPath = "";
			projectRoot = "";
			targets = (
				E683B9CF19B6E9EE00BADEAD /* GFoundation */,
				E683B9F319B6E9EE00BADEAD /* GFoundationTests */,
			);
		};
/* End PBXProject section */

/* Begin PBXResourcesBuildPhase section */
		E683B9CE19B6E9EE00BADEAD /* Resources */ = {
			isa = PBXResourcesBuildPhase;
			buildActionMask = 2147483647;
			files = (
				E683B9EF19B6E9EE00BADEAD /* Images.xcassets in Resources */,
				E6C5CDA91BE33D3D001F67FA /* Launcher.xib in Resources */,
				E6C5CD9E1BE33AA9001F67FA /* main.storyboard in Resources */,
				E683B9DE19B6E9EE00BADEAD /* InfoPlist.strings in Resources */,
			);
			runOnlyForDeploymentPostprocessing = 0;
		};
		E683B9F219B6E9EE00BADEAD /* Resources */ = {
			isa = PBXResourcesBuildPhase;
			buildActionMask = 2147483647;
			files = (
				E683BA0019B6E9EE00BADEAD /* InfoPlist.strings in Resources */,
			);
			runOnlyForDeploymentPostprocessing = 0;
		};
/* End PBXResourcesBuildPhase section */

/* Begin PBXShellScriptBuildPhase section */
		3CD55FD1406A473B8AD051BF /* Copy Pods Resources */ = {
			isa = PBXShellScriptBuildPhase;
			buildActionMask = 2147483647;
			files = (
			);
			inputPaths = (
			);
			name = "Copy Pods Resources";
			outputPaths = (
			);
			runOnlyForDeploymentPostprocessing = 0;
			shellPath = /bin/sh;
			shellScript = "\"${SRCROOT}/Pods/Target Support Files/Pods/Pods-resources.sh\"\n";
			showEnvVarsInLog = 0;
		};
		7E07ABCB0C7B7339F734E4F8 /* Embed Pods Frameworks */ = {
			isa = PBXShellScriptBuildPhase;
			buildActionMask = 2147483647;
			files = (
			);
			inputPaths = (
			);
			name = "Embed Pods Frameworks";
			outputPaths = (
			);
			runOnlyForDeploymentPostprocessing = 0;
			shellPath = /bin/sh;
			shellScript = "\"${SRCROOT}/Pods/Target Support Files/Pods/Pods-frameworks.sh\"\n";
			showEnvVarsInLog = 0;
		};
		898FAD5D7C2845B2BC0E9EE2 /* Check Pods Manifest.lock */ = {
			isa = PBXShellScriptBuildPhase;
			buildActionMask = 2147483647;
			files = (
			);
			inputPaths = (
			);
			name = "Check Pods Manifest.lock";
			outputPaths = (
			);
			runOnlyForDeploymentPostprocessing = 0;
			shellPath = /bin/sh;
			shellScript = "diff \"${PODS_ROOT}/../Podfile.lock\" \"${PODS_ROOT}/Manifest.lock\" > /dev/null\nif [[ $? != 0 ]] ; then\n    cat << EOM\nerror: The sandbox is not in sync with the Podfile.lock. Run 'pod install' or update your CocoaPods installation.\nEOM\n    exit 1\nfi\n";
			showEnvVarsInLog = 0;
		};
/* End PBXShellScriptBuildPhase section */

/* Begin PBXSourcesBuildPhase section */
		E683B9CC19B6E9EE00BADEAD /* Sources */ = {
			isa = PBXSourcesBuildPhase;
			buildActionMask = 2147483647;
			files = (
				E6B6F3821CA267F4004CB658 /* GSegueTest4.m in Sources */,
				E6A6CB151C9BF3940051F422 /* NSString+DES.m in Sources */,
				E6A6CB131C9BF3940051F422 /* NSDataExtensions.m in Sources */,
				E6A6CB121C9BF3940051F422 /* NSArrayExtensions.m in Sources */,
				E6A6CB161C9BF3940051F422 /* NSString+MD5.m in Sources */,
				E6A291531C9C3DE30021D3B3 /* GUIFramework+Storyboard.m in Sources */,
				E617B6621BEB416900501A69 /* GRoundProgressBarTestViewController.m in Sources */,
				E6A6CB171C9BF3940051F422 /* NSStringExtensions.m in Sources */,
				E6A6CB181C9BF3940051F422 /* UIView+CGRectExtension.m in Sources */,
				E6B6F37C1CA267E6004CB658 /* GSegueTest1.m in Sources */,
				E6B6F3791CA267DB004CB658 /* GSegueTest2.m in Sources */,
				E6A6CB191C9BF3940051F422 /* GTMBase64.m in Sources */,
				E6C5CDAF1BE340B9001F67FA /* GMainTableViewController.m in Sources */,
				E683B9E419B6E9EE00BADEAD /* GAppDelegate.m in Sources */,
				E6B6F37F1CA267ED004CB658 /* GSegueTest3.m in Sources */,
				E683B9E019B6E9EE00BADEAD /* main.m in Sources */,
				E6A6CB141C9BF3940051F422 /* NSDictionaryExtensions.m in Sources */,
			);
			runOnlyForDeploymentPostprocessing = 0;
		};
		E683B9F019B6E9EE00BADEAD /* Sources */ = {
			isa = PBXSourcesBuildPhase;
			buildActionMask = 2147483647;
			files = (
				E683BA0219B6E9EE00BADEAD /* GFoundationTests.m in Sources */,
			);
			runOnlyForDeploymentPostprocessing = 0;
		};
/* End PBXSourcesBuildPhase section */

/* Begin PBXTargetDependency section */
		E683B9FA19B6E9EE00BADEAD /* PBXTargetDependency */ = {
			isa = PBXTargetDependency;
			target = E683B9CF19B6E9EE00BADEAD /* GFoundation */;
			targetProxy = E683B9F919B6E9EE00BADEAD /* PBXContainerItemProxy */;
		};
/* End PBXTargetDependency section */

/* Begin PBXVariantGroup section */
		E683B9DC19B6E9EE00BADEAD /* InfoPlist.strings */ = {
			isa = PBXVariantGroup;
			children = (
				E683B9DD19B6E9EE00BADEAD /* en */,
			);
			name = InfoPlist.strings;
			sourceTree = "<group>";
		};
		E683B9FE19B6E9EE00BADEAD /* InfoPlist.strings */ = {
			isa = PBXVariantGroup;
			children = (
				E683B9FF19B6E9EE00BADEAD /* en */,
			);
			name = InfoPlist.strings;
			sourceTree = "<group>";
		};
/* End PBXVariantGroup section */

/* Begin XCBuildConfiguration section */
		E683BA0319B6E9EE00BADEAD /* Debug */ = {
			isa = XCBuildConfiguration;
			buildSettings = {
				ALWAYS_SEARCH_USER_PATHS = NO;
				CLANG_CXX_LANGUAGE_STANDARD = "gnu++0x";
				CLANG_CXX_LIBRARY = "libc++";
				CLANG_ENABLE_MODULES = YES;
				CLANG_ENABLE_OBJC_ARC = YES;
				CLANG_WARN_BOOL_CONVERSION = YES;
				CLANG_WARN_CONSTANT_CONVERSION = YES;
				CLANG_WARN_DIRECT_OBJC_ISA_USAGE = YES_ERROR;
				CLANG_WARN_EMPTY_BODY = YES;
				CLANG_WARN_ENUM_CONVERSION = YES;
				CLANG_WARN_INT_CONVERSION = YES;
				CLANG_WARN_OBJC_ROOT_CLASS = YES_ERROR;
				CLANG_WARN__DUPLICATE_METHOD_MATCH = YES;
				"CODE_SIGN_IDENTITY[sdk=iphoneos*]" = "iPhone Developer";
				COPY_PHASE_STRIP = NO;
				ENABLE_TESTABILITY = YES;
				GCC_C_LANGUAGE_STANDARD = gnu99;
				GCC_DYNAMIC_NO_PIC = NO;
				GCC_OPTIMIZATION_LEVEL = 0;
				GCC_PREPROCESSOR_DEFINITIONS = (
					"DEBUG=1",
					"$(inherited)",
				);
				GCC_SYMBOLS_PRIVATE_EXTERN = NO;
				GCC_WARN_64_TO_32_BIT_CONVERSION = YES;
				GCC_WARN_ABOUT_RETURN_TYPE = YES_ERROR;
				GCC_WARN_UNDECLARED_SELECTOR = YES;
				GCC_WARN_UNINITIALIZED_AUTOS = YES_AGGRESSIVE;
				GCC_WARN_UNUSED_FUNCTION = YES;
				GCC_WARN_UNUSED_VARIABLE = YES;
				IPHONEOS_DEPLOYMENT_TARGET = 8.0;
				ONLY_ACTIVE_ARCH = YES;
				SDKROOT = iphoneos;
				TARGETED_DEVICE_FAMILY = "1,2";
			};
			name = Debug;
		};
		E683BA0419B6E9EE00BADEAD /* Release */ = {
			isa = XCBuildConfiguration;
			buildSettings = {
				ALWAYS_SEARCH_USER_PATHS = NO;
				CLANG_CXX_LANGUAGE_STANDARD = "gnu++0x";
				CLANG_CXX_LIBRARY = "libc++";
				CLANG_ENABLE_MODULES = YES;
				CLANG_ENABLE_OBJC_ARC = YES;
				CLANG_WARN_BOOL_CONVERSION = YES;
				CLANG_WARN_CONSTANT_CONVERSION = YES;
				CLANG_WARN_DIRECT_OBJC_ISA_USAGE = YES_ERROR;
				CLANG_WARN_EMPTY_BODY = YES;
				CLANG_WARN_ENUM_CONVERSION = YES;
				CLANG_WARN_INT_CONVERSION = YES;
				CLANG_WARN_OBJC_ROOT_CLASS = YES_ERROR;
				CLANG_WARN__DUPLICATE_METHOD_MATCH = YES;
				"CODE_SIGN_IDENTITY[sdk=iphoneos*]" = "iPhone Developer";
				COPY_PHASE_STRIP = YES;
				ENABLE_NS_ASSERTIONS = NO;
				GCC_C_LANGUAGE_STANDARD = gnu99;
				GCC_WARN_64_TO_32_BIT_CONVERSION = YES;
				GCC_WARN_ABOUT_RETURN_TYPE = YES_ERROR;
				GCC_WARN_UNDECLARED_SELECTOR = YES;
				GCC_WARN_UNINITIALIZED_AUTOS = YES_AGGRESSIVE;
				GCC_WARN_UNUSED_FUNCTION = YES;
				GCC_WARN_UNUSED_VARIABLE = YES;
				IPHONEOS_DEPLOYMENT_TARGET = 8.0;
				SDKROOT = iphoneos;
				TARGETED_DEVICE_FAMILY = "1,2";
				VALIDATE_PRODUCT = YES;
			};
			name = Release;
		};
		E683BA0619B6E9EE00BADEAD /* Debug */ = {
			isa = XCBuildConfiguration;
			baseConfigurationReference = 20F6C604924FDEB8F18F0205 /* Pods.debug.xcconfig */;
			buildSettings = {
				ASSETCATALOG_COMPILER_APPICON_NAME = AppIcon;
				ASSETCATALOG_COMPILER_LAUNCHIMAGE_NAME = LaunchImage;
				FRAMEWORK_SEARCH_PATHS = "$(inherited)";
				GCC_PRECOMPILE_PREFIX_HEADER = YES;
				GCC_PREFIX_HEADER = "GFoundation/GFoundation-Prefix.pch";
				INFOPLIST_FILE = "GFoundation/GFoundation-Info.plist";
				IPHONEOS_DEPLOYMENT_TARGET = 8.0;
				LD_RUNPATH_SEARCH_PATHS = "$(inherited) @executable_path/Frameworks";
				LIBRARY_SEARCH_PATHS = (
					"$(inherited)",
					"$(PROJECT_DIR)/GFoundation/QuickStoryboard",
					"$(PROJECT_DIR)/GFoundation/GUI",
				);
				PRODUCT_BUNDLE_IDENTIFIER = "com.ghost233.${PRODUCT_NAME:rfc1034identifier}";
				PRODUCT_NAME = "$(TARGET_NAME)";
				WRAPPER_EXTENSION = app;
			};
			name = Debug;
		};
		E683BA0719B6E9EE00BADEAD /* Release */ = {
			isa = XCBuildConfiguration;
			baseConfigurationReference = 92F3CE8F6C3D2703BB800758 /* Pods.release.xcconfig */;
			buildSettings = {
				ASSETCATALOG_COMPILER_APPICON_NAME = AppIcon;
				ASSETCATALOG_COMPILER_LAUNCHIMAGE_NAME = LaunchImage;
				FRAMEWORK_SEARCH_PATHS = "$(inherited)";
				GCC_PRECOMPILE_PREFIX_HEADER = YES;
				GCC_PREFIX_HEADER = "GFoundation/GFoundation-Prefix.pch";
				INFOPLIST_FILE = "GFoundation/GFoundation-Info.plist";
				IPHONEOS_DEPLOYMENT_TARGET = 8.0;
				LD_RUNPATH_SEARCH_PATHS = "$(inherited) @executable_path/Frameworks";
				LIBRARY_SEARCH_PATHS = (
					"$(inherited)",
					"$(PROJECT_DIR)/GFoundation/QuickStoryboard",
					"$(PROJECT_DIR)/GFoundation/GUI",
				);
				PRODUCT_BUNDLE_IDENTIFIER = "com.ghost233.${PRODUCT_NAME:rfc1034identifier}";
				PRODUCT_NAME = "$(TARGET_NAME)";
				WRAPPER_EXTENSION = app;
			};
			name = Release;
		};
		E683BA0919B6E9EE00BADEAD /* Debug */ = {
			isa = XCBuildConfiguration;
			buildSettings = {
				BUNDLE_LOADER = "$(BUILT_PRODUCTS_DIR)/GFoundation.app/GFoundation";
				FRAMEWORK_SEARCH_PATHS = (
					"$(SDKROOT)/Developer/Library/Frameworks",
					"$(inherited)",
					"$(DEVELOPER_FRAMEWORKS_DIR)",
				);
				GCC_PRECOMPILE_PREFIX_HEADER = YES;
				GCC_PREFIX_HEADER = "GFoundation/GFoundation-Prefix.pch";
				GCC_PREPROCESSOR_DEFINITIONS = (
					"DEBUG=1",
					"$(inherited)",
				);
				INFOPLIST_FILE = "GFoundationTests/GFoundationTests-Info.plist";
				PRODUCT_BUNDLE_IDENTIFIER = "com.ghost233.${PRODUCT_NAME:rfc1034identifier}";
				PRODUCT_NAME = "$(TARGET_NAME)";
				TEST_HOST = "$(BUNDLE_LOADER)";
				WRAPPER_EXTENSION = xctest;
			};
			name = Debug;
		};
		E683BA0A19B6E9EE00BADEAD /* Release */ = {
			isa = XCBuildConfiguration;
			buildSettings = {
				BUNDLE_LOADER = "$(BUILT_PRODUCTS_DIR)/GFoundation.app/GFoundation";
				FRAMEWORK_SEARCH_PATHS = (
					"$(SDKROOT)/Developer/Library/Frameworks",
					"$(inherited)",
					"$(DEVELOPER_FRAMEWORKS_DIR)",
				);
				GCC_PRECOMPILE_PREFIX_HEADER = YES;
				GCC_PREFIX_HEADER = "GFoundation/GFoundation-Prefix.pch";
				INFOPLIST_FILE = "GFoundationTests/GFoundationTests-Info.plist";
				PRODUCT_BUNDLE_IDENTIFIER = "com.ghost233.${PRODUCT_NAME:rfc1034identifier}";
				PRODUCT_NAME = "$(TARGET_NAME)";
				TEST_HOST = "$(BUNDLE_LOADER)";
				WRAPPER_EXTENSION = xctest;
			};
			name = Release;
		};
/* End XCBuildConfiguration section */

/* Begin XCConfigurationList section */
		E683B9CB19B6E9EE00BADEAD /* Build configuration list for PBXProject "GFoundation" */ = {
			isa = XCConfigurationList;
			buildConfigurations = (
				E683BA0319B6E9EE00BADEAD /* Debug */,
				E683BA0419B6E9EE00BADEAD /* Release */,
			);
			defaultConfigurationIsVisible = 0;
			defaultConfigurationName = Release;
		};
		E683BA0519B6E9EE00BADEAD /* Build configuration list for PBXNativeTarget "GFoundation" */ = {
			isa = XCConfigurationList;
			buildConfigurations = (
				E683BA0619B6E9EE00BADEAD /* Debug */,
				E683BA0719B6E9EE00BADEAD /* Release */,
			);
			defaultConfigurationIsVisible = 0;
			defaultConfigurationName = Release;
		};
		E683BA0819B6E9EE00BADEAD /* Build configuration list for PBXNativeTarget "GFoundationTests" */ = {
			isa = XCConfigurationList;
			buildConfigurations = (
				E683BA0919B6E9EE00BADEAD /* Debug */,
				E683BA0A19B6E9EE00BADEAD /* Release */,
			);
			defaultConfigurationIsVisible = 0;
			defaultConfigurationName = Release;
		};
/* End XCConfigurationList section */
	};
	rootObject = E683B9C819B6E9EE00BADEAD /* Project object */;
}
